github.com/anthropics/anthropic-sdk-go v1.35.1 h1:FuDOGnzB2QSV3lNTk1cXKMJQJx36/hqSKOHcJZBpgyM=
github.com/anthropics/anthropic-sdk-go v1.35.1/go.mod h1:dSIO7kSrOI7MA4fE6RRVaw8tyWP7HNQU5/H/KS4cax8=
github.com/google/uuid v1.6.0 h1:NIvaJDMOsjHA8n1jAhLSgzrAzy1Hgr+hNrb57e+94F0=
github.com/google/uuid v1.6.0/go.mod h1:TIyPZe4MgqvfeYDBFedMoGGpEw/LqOeaOT+nhxU+yHo=
